<?xml version="1.0" encoding="utf-8"?>
<Project ToolsVersion="4.0" xmlns="http://schemas.microsoft.com/developer/msbuild/2003">
  <ItemGroup>
    <Filter Include="Source Files">
      <UniqueIdentifier>{4FC737F1-C7A5-4376-A066-2A32D752A2FF}</UniqueIdentifier>
      <Extensions>cpp;c;cc;cxx;def;odl;idl;hpj;bat;asm;asmx</Extensions>
    </Filter>
    <Filter Include="Header Files">
      <UniqueIdentifier>{93995380-89BD-4b04-88EB-625FBE52EBFB}</UniqueIdentifier>
      <Extensions>h;hh;hpp;hxx;hm;inl;inc;xsd</Extensions>
    </Filter>
    <Filter Include="Resource Files">
      <UniqueIdentifier>{67DA6AB6-F800-4c08-8B7A-83BB121AAD01}</UniqueIdentifier>
      <Extensions>rc;ico;cur;bmp;dlg;rc2;rct;bin;rgs;gif;jpg;jpeg;jpe;resx;tiff;tif;png;wav;mfcribbon-ms</Extensions>
    </Filter>
    <Filter Include="Header Files\Helpers">
      <UniqueIdentifier>{31f670f9-9909-49e5-91b6-8c142cafcc02}</UniqueIdentifier>
    </Filter>
    <Filter Include="Source Files\Helpers">
      <UniqueIdentifier>{da7086b0-f3e2-48fd-b4fd-6d0a25ca229d}</UniqueIdentifier>
    </Filter>
    <Filter Include="Header Files\UnitTypes">
      <UniqueIdentifier>{6ad6589b-036e-41f6-abfd-8296abab4ae8}</UniqueIdentifier>
    </Filter>
    <Filter Include="Source Files\UnitTypes">
      <UniqueIdentifier>{d5ba52af-ea6d-4cfb-a9e4-04d165897d0f}</UniqueIdentifier>
    </Filter>
  </ItemGroup>
  <ItemGroup>
    <Text Include="ReadMe.txt" />
  </ItemGroup>
  <ItemGroup>
    <ClInclude Include="UI.h">
      <Filter>Header Files</Filter>
    </ClInclude>
    <ClInclude Include="Image.h">
      <Filter>Header Files\Helpers</Filter>
    </ClInclude>
    <ClInclude Include="positionVector.h">
      <Filter>Header Files\Helpers</Filter>
    </ClInclude>
    <ClInclude Include="stdafx.h">
      <Filter>Header Files\Helpers</Filter>
    </ClInclude>
    <ClInclude Include="targetver.h">
      <Filter>Header Files\Helpers</Filter>
    </ClInclude>
    <ClInclude Include="TeamBase.h">
      <Filter>Header Files\Helpers</Filter>
    </ClInclude>
    <ClInclude Include="GameUnit.h">
      <Filter>Header Files</Filter>
    </ClInclude>
    <ClInclude Include="Archer.h">
      <Filter>Header Files\UnitTypes</Filter>
    </ClInclude>
    <ClInclude Include="Catapult.h">
      <Filter>Header Files\UnitTypes</Filter>
    </ClInclude>
    <ClInclude Include="Mage.h">
      <Filter>Header Files\UnitTypes</Filter>
    </ClInclude>
    <ClInclude Include="Warrior.h">
      <Filter>Header Files\UnitTypes</Filter>
    </ClInclude>
    <ClInclude Include="Worker.h">
      <Filter>Header Files\UnitTypes</Filter>
    </ClInclude>
  </ItemGroup>
  <ItemGroup>
    <ClCompile Include="wg7.cpp">
      <Filter>Source Files</Filter>
    </ClCompile>
    <ClCompile Include="UI.cpp">
      <Filter>Source Files</Filter>
    </ClCompile>
    <ClCompile Include="Image.cpp">
      <Filter>Source Files\Helpers</Filter>
    </ClCompile>
    <ClCompile Include="positionVector.cpp">
      <Filter>Source Files\Helpers</Filter>
    </ClCompile>
    <ClCompile Include="stdafx.cpp">
      <Filter>Source Files\Helpers</Filter>
    </ClCompile>
    <ClCompile Include="TeamBase.cpp">
      <Filter>Source Files\Helpers</Filter>
    </ClCompile>
    <ClCompile Include="GameUnit.cpp">
      <Filter>Source Files</Filter>
    </ClCompile>
    <ClCompile Include="Archer.cpp">
      <Filter>Source Files\UnitTypes</Filter>
    </ClCompile>
    <ClCompile Include="Catapult.cpp">
      <Filter>Source Files\UnitTypes</Filter>
    </ClCompile>
    <ClCompile Include="Mage.cpp">
      <Filter>Source Files\UnitTypes</Filter>
    </ClCompile>
    <ClCompile Include="Warrior.cpp">
      <Filter>Source Files\UnitTypes</Filter>
    </ClCompile>
    <ClCompile Include="Worker.cpp">
      <Filter>Source Files\UnitTypes</Filter>
    </ClCompile>
  </ItemGroup>
  <ItemGroup>
    <Font Include="..\..\..\HALO____.TTF" />
  </ItemGroup>
</Project>